
Microsoft Visual Studio Solution File, Format Version 12.00
# Visual Studio Version 17
VisualStudioVersion = 17.11.35312.102
MinimumVisualStudioVersion = 10.0.40219.1
Project("{FAE04EC0-301F-11D3-BF4B-00C04F79EFBC}") = "passwordGenerater", "passwordGenerater\passwordGenerater.csproj", "{39CD831D-4CB1-4B19-91BA-499D273906F9}"
EndProject
Global
	GlobalSection(SolutionConfigurationPlatforms) = preSolution
		Debug|Any CPU = Debug|Any CPU
		Release|Any CPU = Release|Any CPU
	EndGlobalSection
	GlobalSection(ProjectConfigurationPlatforms) = postSolution
		{39CD831D-4CB1-4B19-91BA-499D273906F9}.Debug|Any CPU.ActiveCfg = Debug|Any CPU
		{39CD831D-4CB1-4B19-91BA-499D273906F9}.Debug|Any CPU.Build.0 = Debug|Any CPU
		{39CD831D-4CB1-4B19-91BA-499D273906F9}.Release|Any CPU.ActiveCfg = Release|Any CPU
		{39CD831D-4CB1-4B19-91BA-499D273906F9}.Release|Any CPU.Build.0 = Release|Any CPU
	EndGlobalSection
	GlobalSection(SolutionProperties) = preSolution
		HideSolutionNode = FALSE
	EndGlobalSection
	GlobalSection(ExtensibilityGlobals) = postSolution
		SolutionGuid = {D5FA66F0-4BF2-461B-98C1-92E4BF664FDE}
	EndGlobalSection
EndGlobal
